{
  "version": 4,
  "terraform_version": "1.0.7",
  "serial": 17,
  "lineage": "9db5c897-239b-c5bf-ea4b-e37259fbdb99",
  "outputs": {
    "resource_group_id": {
      "value": "/subscriptions/6e38dc67-d07f-4e58-9057-4feb8179a634/resourceGroups/yassin-tfgroupname",
      "type": "string"
    }
  },
  "resources": [
    {
      "mode": "managed",
      "type": "azurerm_resource_group",
      "name": "rg",
      "provider": "provider[\"registry.terraform.io/hashicorp/azurerm\"]",
      "instances": [
        {
          "schema_version": 0,
          "attributes": {
            "id": "/subscriptions/6e38dc67-d07f-4e58-9057-4feb8179a634/resourceGroups/yassin-tfgroupname",
            "location": "westus2",
            "name": "yassin-tfgroupname",
            "tags": {
              "createdBy": "Yassin Bousakka",
              "neededUntil": "2021-10-31",
              "project": "trainee-terraform-project-yassin",
              "team": "Harakiri"
            },
            "timeouts": null
          },
          "sensitive_attributes": [],
          "private": "eyJlMmJmYjczMC1lY2FhLTExZTYtOGY4OC0zNDM2M2JjN2M0YzAiOnsiY3JlYXRlIjo1NDAwMDAwMDAwMDAwLCJkZWxldGUiOjU0MDAwMDAwMDAwMDAsInJlYWQiOjMwMDAwMDAwMDAwMCwidXBkYXRlIjo1NDAwMDAwMDAwMDAwfX0="
        }
      ]
    },
    {
      "mode": "managed",
      "type": "azurerm_resource_group",
      "name": "test",
      "provider": "provider[\"registry.terraform.io/hashicorp/azurerm\"]",
      "instances": [
        {
          "schema_version": 0,
          "attributes": {
            "id": "/subscriptions/6e38dc67-d07f-4e58-9057-4feb8179a634/resourceGroups/testname",
            "location": "westus2",
            "name": "testname",
            "tags": {
              "createdBy": "Yassin Bousakka",
              "neededUntil": "2021-10-31",
              "project": "trainee-terraform-project-yassin",
              "team": "Harakiri"
            },
            "timeouts": null
          },
          "sensitive_attributes": [],
          "private": "eyJlMmJmYjczMC1lY2FhLTExZTYtOGY4OC0zNDM2M2JjN2M0YzAiOnsiY3JlYXRlIjo1NDAwMDAwMDAwMDAwLCJkZWxldGUiOjU0MDAwMDAwMDAwMDAsInJlYWQiOjMwMDAwMDAwMDAwMCwidXBkYXRlIjo1NDAwMDAwMDAwMDAwfX0="
        }
      ]
    }
  ]
}
